
Microsoft Visual Studio Solution File, Format Version 12.00
# Visual Studio Version 17
VisualStudioVersion = 17.0.32126.317
MinimumVisualStudioVersion = 10.0.40219.1
Project("{FAE04EC0-301F-11D3-BF4B-00C04F79EFBC}") = "MeuPrimeiroSite", "MeuPrimeiroSite\MeuPrimeiroSite.csproj", "{16566446-4AC9-49EA-B716-41B827752105}"
EndProject
Global
	GlobalSection(SolutionConfigurationPlatforms) = preSolution
		Debug|Any CPU = Debug|Any CPU
		Release|Any CPU = Release|Any CPU
	EndGlobalSection
	GlobalSection(ProjectConfigurationPlatforms) = postSolution
		{16566446-4AC9-49EA-B716-41B827752105}.Debug|Any CPU.ActiveCfg = Debug|Any CPU
		{16566446-4AC9-49EA-B716-41B827752105}.Debug|Any CPU.Build.0 = Debug|Any CPU
		{16566446-4AC9-49EA-B716-41B827752105}.Release|Any CPU.ActiveCfg = Release|Any CPU
		{16566446-4AC9-49EA-B716-41B827752105}.Release|Any CPU.Build.0 = Release|Any CPU
	EndGlobalSection
	GlobalSection(SolutionProperties) = preSolution
		HideSolutionNode = FALSE
	EndGlobalSection
	GlobalSection(ExtensibilityGlobals) = postSolution
		SolutionGuid = {EDEB9715-CE4C-4851-8B4E-01279BF79B5F}
	EndGlobalSection
EndGlobal
